// !$*UTF8*$!
{archiveVersion = 1; classes = {}; objectVersion = 56; objects = {
8931C68AF62C71BE84D86D2D = {isa = PBXFileReference; lastKnownFileType = sourcecode.swift; path = "Aperio/AperioApp.swift"; sourceTree = SOURCE_ROOT;};
E38B0A33CEF0E935AFB6F8A2 = {isa = PBXBuildFile; fileRef = 8931C68AF62C71BE84D86D2D;};
40730B9214BD071F772EB7DD = {isa = PBXFileReference; lastKnownFileType = sourcecode.swift; path = "Aperio/Core/Content.swift"; sourceTree = SOURCE_ROOT;};
EB2EC4A86B9185AFA24FD6CB = {isa = PBXBuildFile; fileRef = 40730B9214BD071F772EB7DD;};
26036E65EC1A50A4160026FA = {isa = PBXFileReference; lastKnownFileType = sourcecode.swift; path = "Aperio/Core/LegacyImport.swift"; sourceTree = SOURCE_ROOT;};
E5EB64211552AC965DF1AB59 = {isa = PBXBuildFile; fileRef = 26036E65EC1A50A4160026FA;};
DEC45F6A618CBB2C1A2E4A06 = {isa = PBXFileReference; lastKnownFileType = sourcecode.swift; path = "Aperio/Core/PersonalStore.swift"; sourceTree = SOURCE_ROOT;};
1E654CF5494F6CD20596BBBC = {isa = PBXBuildFile; fileRef = DEC45F6A618CBB2C1A2E4A06;};
B83B73720758B9F91E1A1D6E = {isa = PBXFileReference; lastKnownFileType = sourcecode.swift; path = "Aperio/Views/FloatingNavigationMenu.swift"; sourceTree = SOURCE_ROOT;};
E478FE72C48A213E265C175C = {isa = PBXBuildFile; fileRef = B83B73720758B9F91E1A1D6E;};
61B1205D544BE9A833A25199 = {isa = PBXFileReference; lastKnownFileType = sourcecode.swift; path = "Aperio/Views/HomeView.swift"; sourceTree = SOURCE_ROOT;};
F49786ED86FBCEAAF6CAD23E = {isa = PBXBuildFile; fileRef = 61B1205D544BE9A833A25199;};
9F26F09DB6AF4E2C211BF374 = {isa = PBXFileReference; lastKnownFileType = sourcecode.swift; path = "Aperio/Views/PersonalViews.swift"; sourceTree = SOURCE_ROOT;};
4A60135FD8CB89EDA6BDF52B = {isa = PBXBuildFile; fileRef = 9F26F09DB6AF4E2C211BF374;};
EA6D4B903128804A0A35A78A = {isa = PBXFileReference; lastKnownFileType = sourcecode.swift; path = "Aperio/Views/ReaderView.swift"; sourceTree = SOURCE_ROOT;};
086BA1E973FE81AE8E295D8F = {isa = PBXBuildFile; fileRef = EA6D4B903128804A0A35A78A;};
3CEB8408584AEB2384013C25 = {isa = PBXFileReference; lastKnownFileType = sourcecode.swift; path = "Aperio/Views/StudyCenter.swift"; sourceTree = SOURCE_ROOT;};
562D2BEF8C37189C4B03D145 = {isa = PBXBuildFile; fileRef = 3CEB8408584AEB2384013C25;};
86708C5F03EDE0069DCB8904 = {isa = PBXFileReference; lastKnownFileType = sourcecode.swift; path = "Aperio/Views/Theme.swift"; sourceTree = SOURCE_ROOT;};
677DAC34B50AB28453F1576D = {isa = PBXBuildFile; fileRef = 86708C5F03EDE0069DCB8904;};
87DF60DE337FB58864343E39 = {isa = PBXFileReference; lastKnownFileType = folder; path = Aperio/Content; sourceTree = SOURCE_ROOT;};
AF5E7CDBDF7172932AC06F32 = {isa = PBXBuildFile; fileRef = 87DF60DE337FB58864343E39;};
20E338624CEE29D0EFFEAD85 = {isa = PBXFileReference; lastKnownFileType = folder.assetcatalog; path = Aperio/Assets.xcassets; sourceTree = SOURCE_ROOT;};
C922BAF45D313CD0BF588CBB = {isa = PBXBuildFile; fileRef = 20E338624CEE29D0EFFEAD85;};
CF01481F626D5127EC7732FC = {isa = PBXFileReference; lastKnownFileType = text.xml; path = Aperio/PrivacyInfo.xcprivacy; sourceTree = SOURCE_ROOT;};
9501912762637FA97929E297 = {isa = PBXBuildFile; fileRef = CF01481F626D5127EC7732FC;};
38A007151ABE87CC01A5B6E9 = {isa = PBXFileReference; explicitFileType = wrapper.application; path = Aperio.app; sourceTree = BUILT_PRODUCTS_DIR;};
FBDC4F23F93125BBEEAE800C = {isa = PBXGroup; children = (38A007151ABE87CC01A5B6E9,); name = Products; sourceTree = "<group>";};
B28B7AF69320201D1CF206EB = {isa = PBXGroup; children = (8931C68AF62C71BE84D86D2D,40730B9214BD071F772EB7DD,26036E65EC1A50A4160026FA,DEC45F6A618CBB2C1A2E4A06,B83B73720758B9F91E1A1D6E,61B1205D544BE9A833A25199,9F26F09DB6AF4E2C211BF374,EA6D4B903128804A0A35A78A,3CEB8408584AEB2384013C25,86708C5F03EDE0069DCB8904,87DF60DE337FB58864343E39,20E338624CEE29D0EFFEAD85,CF01481F626D5127EC7732FC,FBDC4F23F93125BBEEAE800C,); sourceTree = "<group>";};
BCE16DD0260827ECF338C787 = {isa = PBXSourcesBuildPhase; buildActionMask = 2147483647; files = (E38B0A33CEF0E935AFB6F8A2,EB2EC4A86B9185AFA24FD6CB,E5EB64211552AC965DF1AB59,1E654CF5494F6CD20596BBBC,E478FE72C48A213E265C175C,F49786ED86FBCEAAF6CAD23E,4A60135FD8CB89EDA6BDF52B,086BA1E973FE81AE8E295D8F,562D2BEF8C37189C4B03D145,677DAC34B50AB28453F1576D,); runOnlyForDeploymentPostprocessing = 0;};
0189424A5A60FED329FA868E = {isa = PBXResourcesBuildPhase; buildActionMask = 2147483647; files = (AF5E7CDBDF7172932AC06F32,C922BAF45D313CD0BF588CBB,9501912762637FA97929E297,); runOnlyForDeploymentPostprocessing = 0;};
7561BFB015D8F536760CB671 = {isa = PBXFrameworksBuildPhase; buildActionMask = 2147483647; files = (); runOnlyForDeploymentPostprocessing = 0;};
89E1FD6268CC0F221A2BE178 = {isa = XCBuildConfiguration; buildSettings = {CLANG_ENABLE_MODULES = YES; SDKROOT = iphoneos; IPHONEOS_DEPLOYMENT_TARGET = 17.0; SWIFT_VERSION = 5.0; ENABLE_USER_SCRIPT_SANDBOXING = YES; SWIFT_OPTIMIZATION_LEVEL = "-Onone"; DEBUG_INFORMATION_FORMAT = dwarf; ENABLE_TESTABILITY = YES; SWIFT_ACTIVE_COMPILATION_CONDITIONS = DEBUG;}; name = Debug;};
E6DE6C99132752C914FEF632 = {isa = XCBuildConfiguration; buildSettings = {CLANG_ENABLE_MODULES = YES; SDKROOT = iphoneos; IPHONEOS_DEPLOYMENT_TARGET = 17.0; SWIFT_VERSION = 5.0; ENABLE_USER_SCRIPT_SANDBOXING = YES; SWIFT_OPTIMIZATION_LEVEL = "-O"; DEBUG_INFORMATION_FORMAT = "dwarf-with-dsym"; VALIDATE_PRODUCT = YES;}; name = Release;};
862894B703A6DEDF96A9DD6C = {isa = XCConfigurationList; buildConfigurations = (89E1FD6268CC0F221A2BE178,E6DE6C99132752C914FEF632,); defaultConfigurationIsVisible = 0; defaultConfigurationName = Release;};
E9B2E96ABC5F6856F2BE79CF = {isa = XCBuildConfiguration; buildSettings = {PRODUCT_NAME = Aperio; PRODUCT_BUNDLE_IDENTIFIER = com.aperio.bible; INFOPLIST_FILE = Aperio/Info.plist; GENERATE_INFOPLIST_FILE = NO; CODE_SIGN_STYLE = Automatic; TARGETED_DEVICE_FAMILY = "1,2"; MARKETING_VERSION = 2.0.0; CURRENT_PROJECT_VERSION = 27; ASSETCATALOG_COMPILER_APPICON_NAME = AppIcon; OTHER_LDFLAGS = "-lsqlite3"; SWIFT_EMIT_LOC_STRINGS = YES; SWIFT_OPTIMIZATION_LEVEL = "-Onone"; DEBUG_INFORMATION_FORMAT = dwarf; ENABLE_TESTABILITY = YES; SWIFT_ACTIVE_COMPILATION_CONDITIONS = DEBUG;}; name = Debug;};
5A8C91857F674E16E2724F47 = {isa = XCBuildConfiguration; buildSettings = {PRODUCT_NAME = Aperio; PRODUCT_BUNDLE_IDENTIFIER = com.aperio.bible; INFOPLIST_FILE = Aperio/Info.plist; GENERATE_INFOPLIST_FILE = NO; CODE_SIGN_STYLE = Automatic; TARGETED_DEVICE_FAMILY = "1,2"; MARKETING_VERSION = 2.0.0; CURRENT_PROJECT_VERSION = 27; ASSETCATALOG_COMPILER_APPICON_NAME = AppIcon; OTHER_LDFLAGS = "-lsqlite3"; SWIFT_EMIT_LOC_STRINGS = YES; SWIFT_OPTIMIZATION_LEVEL = "-O"; DEBUG_INFORMATION_FORMAT = "dwarf-with-dsym"; VALIDATE_PRODUCT = YES;}; name = Release;};
F37922C48DA5978D02C9E50E = {isa = XCConfigurationList; buildConfigurations = (E9B2E96ABC5F6856F2BE79CF,5A8C91857F674E16E2724F47,); defaultConfigurationIsVisible = 0; defaultConfigurationName = Release;};
0E8A3AD980EC179856012B7E = {isa = PBXNativeTarget; buildConfigurationList = F37922C48DA5978D02C9E50E; buildPhases = (BCE16DD0260827ECF338C787,7561BFB015D8F536760CB671,0189424A5A60FED329FA868E,); buildRules = (); dependencies = (); name = Aperio; productName = Aperio; productReference = 38A007151ABE87CC01A5B6E9; productType = "com.apple.product-type.application";};
C416FADDCA71B0316AFE9655 = {isa = PBXFileReference; lastKnownFileType = sourcecode.swift; path = AperioUITests/AperioUITests.swift; sourceTree = SOURCE_ROOT;};
7C1C564A9CB654A7D287F6AD = {isa = PBXBuildFile; fileRef = C416FADDCA71B0316AFE9655;};
3F0002D04A541FE103F80CF6 = {isa = PBXSourcesBuildPhase; buildActionMask = 2147483647; files = (7C1C564A9CB654A7D287F6AD,); runOnlyForDeploymentPostprocessing = 0;};
A7C9FD69DA095A3BF0CB4587 = {isa = PBXFileReference; explicitFileType = wrapper.cfbundle; path = AperioUITests.xctest; sourceTree = BUILT_PRODUCTS_DIR;};
7C3F7C2476CF2BD9AE55EACD = {isa = PBXContainerItemProxy; containerPortal = 98F54143AB4E86B28C3AFEE0; proxyType = 1; remoteGlobalIDString = 0E8A3AD980EC179856012B7E; remoteInfo = Aperio;};
46098F1CD6D7EADDB246BA75 = {isa = PBXTargetDependency; target = 0E8A3AD980EC179856012B7E; targetProxy = 7C3F7C2476CF2BD9AE55EACD;};
94C1D7A82E2F92E70C5BA5D8 = {isa = XCBuildConfiguration; buildSettings = {PRODUCT_NAME = AperioUITests; PRODUCT_BUNDLE_IDENTIFIER = com.aperio.bible.uitests; GENERATE_INFOPLIST_FILE = YES; TEST_TARGET_NAME = Aperio; TARGETED_DEVICE_FAMILY = "1,2"; SWIFT_VERSION = 5.0;}; name = Debug;};
9609A256A79253DD705A918E = {isa = XCBuildConfiguration; buildSettings = {PRODUCT_NAME = AperioUITests; PRODUCT_BUNDLE_IDENTIFIER = com.aperio.bible.uitests; GENERATE_INFOPLIST_FILE = YES; TEST_TARGET_NAME = Aperio; TARGETED_DEVICE_FAMILY = "1,2"; SWIFT_VERSION = 5.0;}; name = Release;};
D3BE16E264AFB6C85E488B82 = {isa = XCConfigurationList; buildConfigurations = (94C1D7A82E2F92E70C5BA5D8,9609A256A79253DD705A918E,); defaultConfigurationIsVisible = 0; defaultConfigurationName = Release;};
5A84779F73F7B6419BDB1882 = {isa = PBXNativeTarget; buildConfigurationList = D3BE16E264AFB6C85E488B82; buildPhases = (3F0002D04A541FE103F80CF6,); buildRules = (); dependencies = (46098F1CD6D7EADDB246BA75,); name = AperioUITests; productName = AperioUITests; productReference = A7C9FD69DA095A3BF0CB4587; productType = "com.apple.product-type.bundle.ui-testing";};
98F54143AB4E86B28C3AFEE0 = {isa = PBXProject; attributes = {BuildIndependentTargetsInParallel = YES; LastUpgradeCheck = 2620;}; buildConfigurationList = 862894B703A6DEDF96A9DD6C; compatibilityVersion = "Xcode 14.0"; developmentRegion = en; hasScannedForEncodings = 0; knownRegions = (en,Base,); mainGroup = B28B7AF69320201D1CF206EB; productRefGroup = FBDC4F23F93125BBEEAE800C; projectDirPath = ""; projectRoot = ""; targets = (0E8A3AD980EC179856012B7E,5A84779F73F7B6419BDB1882,);};
}; rootObject = 98F54143AB4E86B28C3AFEE0;}
